
Microsoft Visual Studio Solution File, Format Version 12.00
# Visual Studio Version 16
VisualStudioVersion = 16.0.30907.101
MinimumVisualStudioVersion = 10.0.40219.1
Project("{8BC9CEB8-8B4A-11D0-8D11-00A0C91BC942}") = "class1", "class1\class1.vcxproj", "{13B58137-2929-4C4F-AA0E-5AB40BA5D67D}"
EndProject
Global
	GlobalSection(SolutionConfigurationPlatforms) = preSolution
		Debug|x64 = Debug|x64
		Debug|x86 = Debug|x86
		Release|x64 = Release|x64
		Release|x86 = Release|x86
	EndGlobalSection
	GlobalSection(ProjectConfigurationPlatforms) = postSolution
		{13B58137-2929-4C4F-AA0E-5AB40BA5D67D}.Debug|x64.ActiveCfg = Debug|x64
		{13B58137-2929-4C4F-AA0E-5AB40BA5D67D}.Debug|x64.Build.0 = Debug|x64
		{13B58137-2929-4C4F-AA0E-5AB40BA5D67D}.Debug|x86.ActiveCfg = Debug|Win32
		{13B58137-2929-4C4F-AA0E-5AB40BA5D67D}.Debug|x86.Build.0 = Debug|Win32
		{13B58137-2929-4C4F-AA0E-5AB40BA5D67D}.Release|x64.ActiveCfg = Release|x64
		{13B58137-2929-4C4F-AA0E-5AB40BA5D67D}.Release|x64.Build.0 = Release|x64
		{13B58137-2929-4C4F-AA0E-5AB40BA5D67D}.Release|x86.ActiveCfg = Release|Win32
		{13B58137-2929-4C4F-AA0E-5AB40BA5D67D}.Release|x86.Build.0 = Release|Win32
	EndGlobalSection
	GlobalSection(SolutionProperties) = preSolution
		HideSolutionNode = FALSE
	EndGlobalSection
	GlobalSection(ExtensibilityGlobals) = postSolution
		SolutionGuid = {9AFA45F0-3A08-4384-989B-6928A0DA2D03}
	EndGlobalSection
EndGlobal
